// !$*UTF8*$!
{
	archiveVersion = 1;
	classes = {
	};
	objectVersion = 46;
	objects = {

/* Begin PBXBuildFile section */
		091AE24D1DA6944C00E46EEC /* Login.m in Sources */ = {isa = PBXBuildFile; fileRef = 091AE24C1DA6944C00E46EEC /* Login.m */; };
		091AE2501DA694FE00E46EEC /* Pedido.m in Sources */ = {isa = PBXBuildFile; fileRef = 091AE24F1DA694FE00E46EEC /* Pedido.m */; };
		091AE2531DA69B2800E46EEC /* TablaProductos.m in Sources */ = {isa = PBXBuildFile; fileRef = 091AE2521DA69B2800E46EEC /* TablaProductos.m */; };
		093C6CFF1DAD391800EEB0DE /* Burger-King-Logo12.jpg in Resources */ = {isa = PBXBuildFile; fileRef = 093C6CFE1DAD391800EEB0DE /* Burger-King-Logo12.jpg */; };
		094AD6D81DA3F867000CD3AB /* CFNetwork.framework in Frameworks */ = {isa = PBXBuildFile; fileRef = 094AD6D71DA3F867000CD3AB /* CFNetwork.framework */; };
		094AD6DA1DA3F89B000CD3AB /* CoreVideo.framework in Frameworks */ = {isa = PBXBuildFile; fileRef = 094AD6D91DA3F89B000CD3AB /* CoreVideo.framework */; };
		094AD6DC1DA3FA60000CD3AB /* AVFoundation.framework in Frameworks */ = {isa = PBXBuildFile; fileRef = 094AD6DB1DA3FA60000CD3AB /* AVFoundation.framework */; };
		094AD6DE1DA3FA6D000CD3AB /* QuartzCore.framework in Frameworks */ = {isa = PBXBuildFile; fileRef = 094AD6DD1DA3FA6D000CD3AB /* QuartzCore.framework */; };
		094AD6E01DA3FA79000CD3AB /* Security.framework in Frameworks */ = {isa = PBXBuildFile; fileRef = 094AD6DF1DA3FA79000CD3AB /* Security.framework */; };
		094AD6E21DA3FA95000CD3AB /* Accelerate.framework in Frameworks */ = {isa = PBXBuildFile; fileRef = 094AD6E11DA3FA95000CD3AB /* Accelerate.framework */; };
		094BC6D01D9D249E00424E30 /* Registro.m in Sources */ = {isa = PBXBuildFile; fileRef = 094BC6CF1D9D249E00424E30 /* Registro.m */; };
		094BC6D81D9D284900424E30 /* SystemConfiguration.framework in Frameworks */ = {isa = PBXBuildFile; fileRef = 094BC6D71D9D284900424E30 /* SystemConfiguration.framework */; };
		094BC6DA1D9D285700424E30 /* MobileCoreServices.framework in Frameworks */ = {isa = PBXBuildFile; fileRef = 094BC6D91D9D285700424E30 /* MobileCoreServices.framework */; };
		094BC6DC1D9D286B00424E30 /* CoreGraphics.framework in Frameworks */ = {isa = PBXBuildFile; fileRef = 094BC6DB1D9D286B00424E30 /* CoreGraphics.framework */; };
		094BC6DE1D9D287800424E30 /* CoreLocation.framework in Frameworks */ = {isa = PBXBuildFile; fileRef = 094BC6DD1D9D287800424E30 /* CoreLocation.framework */; };
		094BC6E01D9D288700424E30 /* CoreData.framework in Frameworks */ = {isa = PBXBuildFile; fileRef = 094BC6DF1D9D288700424E30 /* CoreData.framework */; };
		094BC6E21D9D289F00424E30 /* AudioToolbox.framework in Frameworks */ = {isa = PBXBuildFile; fileRef = 094BC6E11D9D289F00424E30 /* AudioToolbox.framework */; };
		094BC6E41D9D28B400424E30 /* CoreMedia.framework in Frameworks */ = {isa = PBXBuildFile; fileRef = 094BC6E31D9D28B400424E30 /* CoreMedia.framework */; };
		094EC7721DC2051B0006930B /* paypal_logo.png in Resources */ = {isa = PBXBuildFile; fileRef = 094EC7711DC2051B0006930B /* paypal_logo.png */; };
		094EC7751DC208340006930B /* ViewControllerMapa.m in Sources */ = {isa = PBXBuildFile; fileRef = 094EC7741DC208340006930B /* ViewControllerMapa.m */; };
		094EC7781DC209AF0006930B /* MapPin.m in Sources */ = {isa = PBXBuildFile; fileRef = 094EC7771DC209AF0006930B /* MapPin.m */; };
		094EC77B1DC20B150006930B /* CustomAnnotation.m in Sources */ = {isa = PBXBuildFile; fileRef = 094EC77A1DC20B150006930B /* CustomAnnotation.m */; };
		09554DC91DAF8C8F0072317A /* MessageUI.framework in Frameworks */ = {isa = PBXBuildFile; fileRef = 09554DC81DAF8C8F0072317A /* MessageUI.framework */; };
		09554DCB1DAF8CA60072317A /* SafariServices.framework in Frameworks */ = {isa = PBXBuildFile; fileRef = 09554DCA1DAF8CA60072317A /* SafariServices.framework */; };
		09554DCE1DAF8E970072317A /* Paypal.m in Sources */ = {isa = PBXBuildFile; fileRef = 09554DCD1DAF8E970072317A /* Paypal.m */; };
		095733CE1DA65EBD009742E9 /* libxml2.tbd in Frameworks */ = {isa = PBXBuildFile; fileRef = 095733CD1DA65EBD009742E9 /* libxml2.tbd */; };
		095733D01DA65EC8009742E9 /* libresolv.tbd in Frameworks */ = {isa = PBXBuildFile; fileRef = 095733CF1DA65EC8009742E9 /* libresolv.tbd */; };
		095733D21DA65ED1009742E9 /* libz.tbd in Frameworks */ = {isa = PBXBuildFile; fileRef = 095733D11DA65ED1009742E9 /* libz.tbd */; };
		099681D41D9A587200F82176 /* main.m in Sources */ = {isa = PBXBuildFile; fileRef = 099681D31D9A587200F82176 /* main.m */; };
		099681D71D9A587200F82176 /* AppDelegate.m in Sources */ = {isa = PBXBuildFile; fileRef = 099681D61D9A587200F82176 /* AppDelegate.m */; };
		099681DA1D9A587200F82176 /* ViewController.m in Sources */ = {isa = PBXBuildFile; fileRef = 099681D91D9A587200F82176 /* ViewController.m */; };
		099681DD1D9A587200F82176 /* Main.storyboard in Resources */ = {isa = PBXBuildFile; fileRef = 099681DB1D9A587200F82176 /* Main.storyboard */; };
		099681DF1D9A587300F82176 /* Assets.xcassets in Resources */ = {isa = PBXBuildFile; fileRef = 099681DE1D9A587300F82176 /* Assets.xcassets */; };
		099681E21D9A587300F82176 /* LaunchScreen.storyboard in Resources */ = {isa = PBXBuildFile; fileRef = 099681E01D9A587300F82176 /* LaunchScreen.storyboard */; };
		099681ED1D9A587300F82176 /* BurgerKingTests.m in Sources */ = {isa = PBXBuildFile; fileRef = 099681EC1D9A587300F82176 /* BurgerKingTests.m */; };
		099681F81D9A587300F82176 /* BurgerKingUITests.m in Sources */ = {isa = PBXBuildFile; fileRef = 099681F71D9A587300F82176 /* BurgerKingUITests.m */; };
		09D3F8821DACEF6500B269A0 /* Quickblox.framework in Frameworks */ = {isa = PBXBuildFile; fileRef = 09D3F8811DACEF6500B269A0 /* Quickblox.framework */; };
		09D9F63D1DB61AF600A93889 /* QBAdmin.m in Sources */ = {isa = PBXBuildFile; fileRef = 09D9F63C1DB61AF600A93889 /* QBAdmin.m */; };
		09FE79961DBF99B400215C18 /* CardIO.m in Sources */ = {isa = PBXBuildFile; fileRef = 09FE79821DBF99B400215C18 /* CardIO.m */; };
		09FE79971DBF99B400215C18 /* libCardIO.a in Frameworks */ = {isa = PBXBuildFile; fileRef = 09FE798A1DBF99B400215C18 /* libCardIO.a */; };
		09FE79981DBF99B400215C18 /* libopencv_core.a in Frameworks */ = {isa = PBXBuildFile; fileRef = 09FE798B1DBF99B400215C18 /* libopencv_core.a */; };
		09FE79991DBF99B400215C18 /* libopencv_imgproc.a in Frameworks */ = {isa = PBXBuildFile; fileRef = 09FE798C1DBF99B400215C18 /* libopencv_imgproc.a */; };
		09FE799A1DBF99B400215C18 /* libPayPalMobile.a in Frameworks */ = {isa = PBXBuildFile; fileRef = 09FE798E1DBF99B400215C18 /* libPayPalMobile.a */; };
		4C33B82DCC29C1B3A8ADB99F /* libPods-BurgerKingUITests.a in Frameworks */ = {isa = PBXBuildFile; fileRef = 5E45D47F1FD74BF2DC3536DC /* libPods-BurgerKingUITests.a */; };
		5290B18E18C1FFA538D83D25 /* libPods-BurgerKing.a in Frameworks */ = {isa = PBXBuildFile; fileRef = C1A0018DB5247F717FF65515 /* libPods-BurgerKing.a */; };
		CCEDE9EB6F8C2D1B74120B00 /* libPods-BurgerKingTests.a in Frameworks */ = {isa = PBXBuildFile; fileRef = 133B95857376A114A5054418 /* libPods-BurgerKingTests.a */; };
/* End PBXBuildFile section */

/* Begin PBXContainerItemProxy section */
		099681E91D9A587300F82176 /* PBXContainerItemProxy */ = {
			isa = PBXContainerItemProxy;
			containerPortal = 099681C71D9A587200F82176 /* Project object */;
			proxyType = 1;
			remoteGlobalIDString = 099681CE1D9A587200F82176;
			remoteInfo = BurgerKing;
		};
		099681F41D9A587300F82176 /* PBXContainerItemProxy */ = {
			isa = PBXContainerItemProxy;
			containerPortal = 099681C71D9A587200F82176 /* Project object */;
			proxyType = 1;
			remoteGlobalIDString = 099681CE1D9A587200F82176;
			remoteInfo = BurgerKing;
		};
/* End PBXContainerItemProxy section */

/* Begin PBXFileReference section */
		091AE24B1DA6944C00E46EEC /* Login.h */ = {isa = PBXFileReference; fileEncoding = 4; lastKnownFileType = sourcecode.c.h; path = Login.h; sourceTree = "<group>"; };
		091AE24C1DA6944C00E46EEC /* Login.m */ = {isa = PBXFileReference; fileEncoding = 4; lastKnownFileType = sourcecode.c.objc; path = Login.m; sourceTree = "<group>"; };
		091AE24E1DA694FE00E46EEC /* Pedido.h */ = {isa = PBXFileReference; fileEncoding = 4; lastKnownFileType = sourcecode.c.h; path = Pedido.h; sourceTree = "<group>"; };
		091AE24F1DA694FE00E46EEC /* Pedido.m */ = {isa = PBXFileReference; fileEncoding = 4; lastKnownFileType = sourcecode.c.objc; path = Pedido.m; sourceTree = "<group>"; };
		091AE2511DA69B2800E46EEC /* TablaProductos.h */ = {isa = PBXFileReference; fileEncoding = 4; lastKnownFileType = sourcecode.c.h; path = TablaProductos.h; sourceTree = "<group>"; };
		091AE2521DA69B2800E46EEC /* TablaProductos.m */ = {isa = PBXFileReference; fileEncoding = 4; lastKnownFileType = sourcecode.c.objc; path = TablaProductos.m; sourceTree = "<group>"; };
		093C6CFE1DAD391800EEB0DE /* Burger-King-Logo12.jpg */ = {isa = PBXFileReference; lastKnownFileType = image.jpeg; name = "Burger-King-Logo12.jpg"; path = "../../Downloads/Burger-King-Logo12.jpg"; sourceTree = "<group>"; };
		094AD6D71DA3F867000CD3AB /* CFNetwork.framework */ = {isa = PBXFileReference; lastKnownFileType = wrapper.framework; name = CFNetwork.framework; path = System/Library/Frameworks/CFNetwork.framework; sourceTree = SDKROOT; };
		094AD6D91DA3F89B000CD3AB /* CoreVideo.framework */ = {isa = PBXFileReference; lastKnownFileType = wrapper.framework; name = CoreVideo.framework; path = System/Library/Frameworks/CoreVideo.framework; sourceTree = SDKROOT; };
		094AD6DB1DA3FA60000CD3AB /* AVFoundation.framework */ = {isa = PBXFileReference; lastKnownFileType = wrapper.framework; name = AVFoundation.framework; path = System/Library/Frameworks/AVFoundation.framework; sourceTree = SDKROOT; };
		094AD6DD1DA3FA6D000CD3AB /* QuartzCore.framework */ = {isa = PBXFileReference; lastKnownFileType = wrapper.framework; name = QuartzCore.framework; path = System/Library/Frameworks/QuartzCore.framework; sourceTree = SDKROOT; };
		094AD6DF1DA3FA79000CD3AB /* Security.framework */ = {isa = PBXFileReference; lastKnownFileType = wrapper.framework; name = Security.framework; path = System/Library/Frameworks/Security.framework; sourceTree = SDKROOT; };
		094AD6E11DA3FA95000CD3AB /* Accelerate.framework */ = {isa = PBXFileReference; lastKnownFileType = wrapper.framework; name = Accelerate.framework; path = System/Library/Frameworks/Accelerate.framework; sourceTree = SDKROOT; };
		094BC6CE1D9D249E00424E30 /* Registro.h */ = {isa = PBXFileReference; fileEncoding = 4; lastKnownFileType = sourcecode.c.h; path = Registro.h; sourceTree = "<group>"; };
		094BC6CF1D9D249E00424E30 /* Registro.m */ = {isa = PBXFileReference; fileEncoding = 4; lastKnownFileType = sourcecode.c.objc; path = Registro.m; sourceTree = "<group>"; };
		094BC6D71D9D284900424E30 /* SystemConfiguration.framework */ = {isa = PBXFileReference; lastKnownFileType = wrapper.framework; name = SystemConfiguration.framework; path = System/Library/Frameworks/SystemConfiguration.framework; sourceTree = SDKROOT; };
		094BC6D91D9D285700424E30 /* MobileCoreServices.framework */ = {isa = PBXFileReference; lastKnownFileType = wrapper.framework; name = MobileCoreServices.framework; path = System/Library/Frameworks/MobileCoreServices.framework; sourceTree = SDKROOT; };
		094BC6DB1D9D286B00424E30 /* CoreGraphics.framework */ = {isa = PBXFileReference; lastKnownFileType = wrapper.framework; name = CoreGraphics.framework; path = System/Library/Frameworks/CoreGraphics.framework; sourceTree = SDKROOT; };
		094BC6DD1D9D287800424E30 /* CoreLocation.framework */ = {isa = PBXFileReference; lastKnownFileType = wrapper.framework; name = CoreLocation.framework; path = System/Library/Frameworks/CoreLocation.framework; sourceTree = SDKROOT; };
		094BC6DF1D9D288700424E30 /* CoreData.framework */ = {isa = PBXFileReference; lastKnownFileType = wrapper.framework; name = CoreData.framework; path = System/Library/Frameworks/CoreData.framework; sourceTree = SDKROOT; };
		094BC6E11D9D289F00424E30 /* AudioToolbox.framework */ = {isa = PBXFileReference; lastKnownFileType = wrapper.framework; name = AudioToolbox.framework; path = System/Library/Frameworks/AudioToolbox.framework; sourceTree = SDKROOT; };
		094BC6E31D9D28B400424E30 /* CoreMedia.framework */ = {isa = PBXFileReference; lastKnownFileType = wrapper.framework; name = CoreMedia.framework; path = System/Library/Frameworks/CoreMedia.framework; sourceTree = SDKROOT; };
		094EC7711DC2051B0006930B /* paypal_logo.png */ = {isa = PBXFileReference; lastKnownFileType = image.png; path = paypal_logo.png; sourceTree = "<group>"; };
		094EC7731DC208340006930B /* ViewControllerMapa.h */ = {isa = PBXFileReference; fileEncoding = 4; lastKnownFileType = sourcecode.c.h; name = ViewControllerMapa.h; path = ../ViewControllerMapa.h; sourceTree = "<group>"; };
		094EC7741DC208340006930B /* ViewControllerMapa.m */ = {isa = PBXFileReference; fileEncoding = 4; lastKnownFileType = sourcecode.c.objc; name = ViewControllerMapa.m; path = ../ViewControllerMapa.m; sourceTree = "<group>"; };
		094EC7761DC209AF0006930B /* MapPin.h */ = {isa = PBXFileReference; fileEncoding = 4; lastKnownFileType = sourcecode.c.h; name = MapPin.h; path = ../MapPin.h; sourceTree = "<group>"; };
		094EC7771DC209AF0006930B /* MapPin.m */ = {isa = PBXFileReference; fileEncoding = 4; lastKnownFileType = sourcecode.c.objc; name = MapPin.m; path = ../MapPin.m; sourceTree = "<group>"; };
		094EC7791DC20B150006930B /* CustomAnnotation.h */ = {isa = PBXFileReference; fileEncoding = 4; lastKnownFileType = sourcecode.c.h; name = CustomAnnotation.h; path = ../CustomAnnotation.h; sourceTree = "<group>"; };
		094EC77A1DC20B150006930B /* CustomAnnotation.m */ = {isa = PBXFileReference; fileEncoding = 4; lastKnownFileType = sourcecode.c.objc; name = CustomAnnotation.m; path = ../CustomAnnotation.m; sourceTree = "<group>"; };
		09554DC81DAF8C8F0072317A /* MessageUI.framework */ = {isa = PBXFileReference; lastKnownFileType = wrapper.framework; name = MessageUI.framework; path = System/Library/Frameworks/MessageUI.framework; sourceTree = SDKROOT; };
		09554DCA1DAF8CA60072317A /* SafariServices.framework */ = {isa = PBXFileReference; lastKnownFileType = wrapper.framework; name = SafariServices.framework; path = System/Library/Frameworks/SafariServices.framework; sourceTree = SDKROOT; };
		09554DCC1DAF8E970072317A /* Paypal.h */ = {isa = PBXFileReference; fileEncoding = 4; lastKnownFileType = sourcecode.c.h; path = Paypal.h; sourceTree = "<group>"; };
		09554DCD1DAF8E970072317A /* Paypal.m */ = {isa = PBXFileReference; fileEncoding = 4; lastKnownFileType = sourcecode.c.objc; path = Paypal.m; sourceTree = "<group>"; };
		095733CD1DA65EBD009742E9 /* libxml2.tbd */ = {isa = PBXFileReference; lastKnownFileType = "sourcecode.text-based-dylib-definition"; name = libxml2.tbd; path = usr/lib/libxml2.tbd; sourceTree = SDKROOT; };
		095733CF1DA65EC8009742E9 /* libresolv.tbd */ = {isa = PBXFileReference; lastKnownFileType = "sourcecode.text-based-dylib-definition"; name = libresolv.tbd; path = usr/lib/libresolv.tbd; sourceTree = SDKROOT; };
		095733D11DA65ED1009742E9 /* libz.tbd */ = {isa = PBXFileReference; lastKnownFileType = "sourcecode.text-based-dylib-definition"; name = libz.tbd; path = usr/lib/libz.tbd; sourceTree = SDKROOT; };
		099681CF1D9A587200F82176 /* BurgerKing.app */ = {isa = PBXFileReference; explicitFileType = wrapper.application; includeInIndex = 0; path = BurgerKing.app; sourceTree = BUILT_PRODUCTS_DIR; };
		099681D31D9A587200F82176 /* main.m */ = {isa = PBXFileReference; lastKnownFileType = sourcecode.c.objc; path = main.m; sourceTree = "<group>"; };
		099681D51D9A587200F82176 /* AppDelegate.h */ = {isa = PBXFileReference; lastKnownFileType = sourcecode.c.h; path = AppDelegate.h; sourceTree = "<group>"; };
		099681D61D9A587200F82176 /* AppDelegate.m */ = {isa = PBXFileReference; lastKnownFileType = sourcecode.c.objc; path = AppDelegate.m; sourceTree = "<group>"; };
		099681D81D9A587200F82176 /* ViewController.h */ = {isa = PBXFileReference; lastKnownFileType = sourcecode.c.h; path = ViewController.h; sourceTree = "<group>"; };
		099681D91D9A587200F82176 /* ViewController.m */ = {isa = PBXFileReference; lastKnownFileType = sourcecode.c.objc; path = ViewController.m; sourceTree = "<group>"; };
		099681DC1D9A587200F82176 /* Base */ = {isa = PBXFileReference; lastKnownFileType = file.storyboard; name = Base; path = Base.lproj/Main.storyboard; sourceTree = "<group>"; };
		099681DE1D9A587300F82176 /* Assets.xcassets */ = {isa = PBXFileReference; lastKnownFileType = folder.assetcatalog; path = Assets.xcassets; sourceTree = "<group>"; };
		099681E11D9A587300F82176 /* Base */ = {isa = PBXFileReference; lastKnownFileType = file.storyboard; name = Base; path = Base.lproj/LaunchScreen.storyboard; sourceTree = "<group>"; };
		099681E31D9A587300F82176 /* Info.plist */ = {isa = PBXFileReference; lastKnownFileType = text.plist.xml; path = Info.plist; sourceTree = "<group>"; };
		099681E81D9A587300F82176 /* BurgerKingTests.xctest */ = {isa = PBXFileReference; explicitFileType = wrapper.cfbundle; includeInIndex = 0; path = BurgerKingTests.xctest; sourceTree = BUILT_PRODUCTS_DIR; };
		099681EC1D9A587300F82176 /* BurgerKingTests.m */ = {isa = PBXFileReference; lastKnownFileType = sourcecode.c.objc; path = BurgerKingTests.m; sourceTree = "<group>"; };
		099681EE1D9A587300F82176 /* Info.plist */ = {isa = PBXFileReference; lastKnownFileType = text.plist.xml; path = Info.plist; sourceTree = "<group>"; };
		099681F31D9A587300F82176 /* BurgerKingUITests.xctest */ = {isa = PBXFileReference; explicitFileType = wrapper.cfbundle; includeInIndex = 0; path = BurgerKingUITests.xctest; sourceTree = BUILT_PRODUCTS_DIR; };
		099681F71D9A587300F82176 /* BurgerKingUITests.m */ = {isa = PBXFileReference; lastKnownFileType = sourcecode.c.objc; path = BurgerKingUITests.m; sourceTree = "<group>"; };
		099681F91D9A587300F82176 /* Info.plist */ = {isa = PBXFileReference; lastKnownFileType = text.plist.xml; path = Info.plist; sourceTree = "<group>"; };
		09D3F8811DACEF6500B269A0 /* Quickblox.framework */ = {isa = PBXFileReference; lastKnownFileType = wrapper.framework; path = Quickblox.framework; sourceTree = "<group>"; };
		09D9F63B1DB61AF600A93889 /* QBAdmin.h */ = {isa = PBXFileReference; fileEncoding = 4; lastKnownFileType = sourcecode.c.h; path = QBAdmin.h; sourceTree = "<group>"; };
		09D9F63C1DB61AF600A93889 /* QBAdmin.m */ = {isa = PBXFileReference; fileEncoding = 4; lastKnownFileType = sourcecode.c.objc; path = QBAdmin.m; sourceTree = "<group>"; };
		09FE79811DBF99B400215C18 /* CardIO.h */ = {isa = PBXFileReference; fileEncoding = 4; lastKnownFileType = sourcecode.c.h; path = CardIO.h; sourceTree = "<group>"; };
		09FE79821DBF99B400215C18 /* CardIO.m */ = {isa = PBXFileReference; fileEncoding = 4; lastKnownFileType = sourcecode.c.objc; path = CardIO.m; sourceTree = "<group>"; };
		09FE79831DBF99B400215C18 /* CardIOCreditCardInfo.h */ = {isa = PBXFileReference; fileEncoding = 4; lastKnownFileType = sourcecode.c.h; path = CardIOCreditCardInfo.h; sourceTree = "<group>"; };
		09FE79841DBF99B400215C18 /* CardIODetectionMode.h */ = {isa = PBXFileReference; fileEncoding = 4; lastKnownFileType = sourcecode.c.h; path = CardIODetectionMode.h; sourceTree = "<group>"; };
		09FE79851DBF99B400215C18 /* CardIOPaymentViewController.h */ = {isa = PBXFileReference; fileEncoding = 4; lastKnownFileType = sourcecode.c.h; path = CardIOPaymentViewController.h; sourceTree = "<group>"; };
		09FE79861DBF99B400215C18 /* CardIOPaymentViewControllerDelegate.h */ = {isa = PBXFileReference; fileEncoding = 4; lastKnownFileType = sourcecode.c.h; path = CardIOPaymentViewControllerDelegate.h; sourceTree = "<group>"; };
		09FE79871DBF99B400215C18 /* CardIOUtilities.h */ = {isa = PBXFileReference; fileEncoding = 4; lastKnownFileType = sourcecode.c.h; path = CardIOUtilities.h; sourceTree = "<group>"; };
		09FE79881DBF99B400215C18 /* CardIOView.h */ = {isa = PBXFileReference; fileEncoding = 4; lastKnownFileType = sourcecode.c.h; path = CardIOView.h; sourceTree = "<group>"; };
		09FE79891DBF99B400215C18 /* CardIOViewDelegate.h */ = {isa = PBXFileReference; fileEncoding = 4; lastKnownFileType = sourcecode.c.h; path = CardIOViewDelegate.h; sourceTree = "<group>"; };
		09FE798A1DBF99B400215C18 /* libCardIO.a */ = {isa = PBXFileReference; lastKnownFileType = archive.ar; path = libCardIO.a; sourceTree = "<group>"; };
		09FE798B1DBF99B400215C18 /* libopencv_core.a */ = {isa = PBXFileReference; lastKnownFileType = archive.ar; path = libopencv_core.a; sourceTree = "<group>"; };
		09FE798C1DBF99B400215C18 /* libopencv_imgproc.a */ = {isa = PBXFileReference; lastKnownFileType = archive.ar; path = libopencv_imgproc.a; sourceTree = "<group>"; };
		09FE798E1DBF99B400215C18 /* libPayPalMobile.a */ = {isa = PBXFileReference; lastKnownFileType = archive.ar; path = libPayPalMobile.a; sourceTree = "<group>"; };
		09FE798F1DBF99B400215C18 /* PayPalConfiguration.h */ = {isa = PBXFileReference; fileEncoding = 4; lastKnownFileType = sourcecode.c.h; path = PayPalConfiguration.h; sourceTree = "<group>"; };
		09FE79901DBF99B400215C18 /* PayPalFuturePaymentViewController.h */ = {isa = PBXFileReference; fileEncoding = 4; lastKnownFileType = sourcecode.c.h; path = PayPalFuturePaymentViewController.h; sourceTree = "<group>"; };
		09FE79911DBF99B400215C18 /* PayPalMobile.h */ = {isa = PBXFileReference; fileEncoding = 4; lastKnownFileType = sourcecode.c.h; path = PayPalMobile.h; sourceTree = "<group>"; };
		09FE79921DBF99B400215C18 /* PayPalOAuthScopes.h */ = {isa = PBXFileReference; fileEncoding = 4; lastKnownFileType = sourcecode.c.h; path = PayPalOAuthScopes.h; sourceTree = "<group>"; };
		09FE79931DBF99B400215C18 /* PayPalPayment.h */ = {isa = PBXFileReference; fileEncoding = 4; lastKnownFileType = sourcecode.c.h; path = PayPalPayment.h; sourceTree = "<group>"; };
		09FE79941DBF99B400215C18 /* PayPalPaymentViewController.h */ = {isa = PBXFileReference; fileEncoding = 4; lastKnownFileType = sourcecode.c.h; path = PayPalPaymentViewController.h; sourceTree = "<group>"; };
		09FE79951DBF99B400215C18 /* PayPalProfileSharingViewController.h */ = {isa = PBXFileReference; fileEncoding = 4; lastKnownFileType = sourcecode.c.h; path = PayPalProfileSharingViewController.h; sourceTree = "<group>"; };
		133B95857376A114A5054418 /* libPods-BurgerKingTests.a */ = {isa = PBXFileReference; explicitFileType = archive.ar; includeInIndex = 0; path = "libPods-BurgerKingTests.a"; sourceTree = BUILT_PRODUCTS_DIR; };
		2487C698C5EF5CB31097ECE4 /* Pods-BurgerKingUITests.debug.xcconfig */ = {isa = PBXFileReference; includeInIndex = 1; lastKnownFileType = text.xcconfig; name = "Pods-BurgerKingUITests.debug.xcconfig"; path = "Pods/Target Support Files/Pods-BurgerKingUITests/Pods-BurgerKingUITests.debug.xcconfig"; sourceTree = "<group>"; };
		51125565B83D2B87D4C6D5D3 /* Pods-BurgerKing.release.xcconfig */ = {isa = PBXFileReference; includeInIndex = 1; lastKnownFileType = text.xcconfig; name = "Pods-BurgerKing.release.xcconfig"; path = "Pods/Target Support Files/Pods-BurgerKing/Pods-BurgerKing.release.xcconfig"; sourceTree = "<group>"; };
		5E45D47F1FD74BF2DC3536DC /* libPods-BurgerKingUITests.a */ = {isa = PBXFileReference; explicitFileType = archive.ar; includeInIndex = 0; path = "libPods-BurgerKingUITests.a"; sourceTree = BUILT_PRODUCTS_DIR; };
		7345A7D967C7A948C07F999F /* Pods-BurgerKingTests.release.xcconfig */ = {isa = PBXFileReference; includeInIndex = 1; lastKnownFileType = text.xcconfig; name = "Pods-BurgerKingTests.release.xcconfig"; path = "Pods/Target Support Files/Pods-BurgerKingTests/Pods-BurgerKingTests.release.xcconfig"; sourceTree = "<group>"; };
		A15B7CCAF590A91D680E069C /* Pods-BurgerKing.debug.xcconfig */ = {isa = PBXFileReference; includeInIndex = 1; lastKnownFileType = text.xcconfig; name = "Pods-BurgerKing.debug.xcconfig"; path = "Pods/Target Support Files/Pods-BurgerKing/Pods-BurgerKing.debug.xcconfig"; sourceTree = "<group>"; };
		B4997A5171CE09C28CF342E8 /* Pods-BurgerKingTests.debug.xcconfig */ = {isa = PBXFileReference; includeInIndex = 1; lastKnownFileType = text.xcconfig; name = "Pods-BurgerKingTests.debug.xcconfig"; path = "Pods/Target Support Files/Pods-BurgerKingTests/Pods-BurgerKingTests.debug.xcconfig"; sourceTree = "<group>"; };
		B69F2BBD48959E891C2ABFAF /* Pods-BurgerKingUITests.release.xcconfig */ = {isa = PBXFileReference; includeInIndex = 1; lastKnownFileType = text.xcconfig; name = "Pods-BurgerKingUITests.release.xcconfig"; path = "Pods/Target Support Files/Pods-BurgerKingUITests/Pods-BurgerKingUITests.release.xcconfig"; sourceTree = "<group>"; };
		C1A0018DB5247F717FF65515 /* libPods-BurgerKing.a */ = {isa = PBXFileReference; explicitFileType = archive.ar; includeInIndex = 0; path = "libPods-BurgerKing.a"; sourceTree = BUILT_PRODUCTS_DIR; };
/* End PBXFileReference section */

/* Begin PBXFrameworksBuildPhase section */
		099681CC1D9A587200F82176 /* Frameworks */ = {
			isa = PBXFrameworksBuildPhase;
			buildActionMask = 2147483647;
			files = (
				09554DCB1DAF8CA60072317A /* SafariServices.framework in Frameworks */,
				09554DC91DAF8C8F0072317A /* MessageUI.framework in Frameworks */,
				095733D21DA65ED1009742E9 /* libz.tbd in Frameworks */,
				095733D01DA65EC8009742E9 /* libresolv.tbd in Frameworks */,
				095733CE1DA65EBD009742E9 /* libxml2.tbd in Frameworks */,
				09FE79971DBF99B400215C18 /* libCardIO.a in Frameworks */,
				094AD6E21DA3FA95000CD3AB /* Accelerate.framework in Frameworks */,
				094AD6E01DA3FA79000CD3AB /* Security.framework in Frameworks */,
				094AD6DE1DA3FA6D000CD3AB /* QuartzCore.framework in Frameworks */,
				09FE79991DBF99B400215C18 /* libopencv_imgproc.a in Frameworks */,
				094AD6DC1DA3FA60000CD3AB /* AVFoundation.framework in Frameworks */,
				094AD6DA1DA3F89B000CD3AB /* CoreVideo.framework in Frameworks */,
				09D3F8821DACEF6500B269A0 /* Quickblox.framework in Frameworks */,
				094BC6E41D9D28B400424E30 /* CoreMedia.framework in Frameworks */,
				09FE79981DBF99B400215C18 /* libopencv_core.a in Frameworks */,
				094AD6D81DA3F867000CD3AB /* CFNetwork.framework in Frameworks */,
				09FE799A1DBF99B400215C18 /* libPayPalMobile.a in Frameworks */,
				094BC6E21D9D289F00424E30 /* AudioToolbox.framework in Frameworks */,
				094BC6E01D9D288700424E30 /* CoreData.framework in Frameworks */,
				094BC6DE1D9D287800424E30 /* CoreLocation.framework in Frameworks */,
				094BC6DC1D9D286B00424E30 /* CoreGraphics.framework in Frameworks */,
				094BC6DA1D9D285700424E30 /* MobileCoreServices.framework in Frameworks */,
				094BC6D81D9D284900424E30 /* SystemConfiguration.framework in Frameworks */,
				5290B18E18C1FFA538D83D25 /* libPods-BurgerKing.a in Frameworks */,
			);
			runOnlyForDeploymentPostprocessing = 0;
		};
		099681E51D9A587300F82176 /* Frameworks */ = {
			isa = PBXFrameworksBuildPhase;
			buildActionMask = 2147483647;
			files = (
				CCEDE9EB6F8C2D1B74120B00 /* libPods-BurgerKingTests.a in Frameworks */,
			);
			runOnlyForDeploymentPostprocessing = 0;
		};
		099681F01D9A587300F82176 /* Frameworks */ = {
			isa = PBXFrameworksBuildPhase;
			buildActionMask = 2147483647;
			files = (
				4C33B82DCC29C1B3A8ADB99F /* libPods-BurgerKingUITests.a in Frameworks */,
			);
			runOnlyForDeploymentPostprocessing = 0;
		};
/* End PBXFrameworksBuildPhase section */

/* Begin PBXGroup section */
		09554DC71DAF8C8F0072317A /* Frameworks */ = {
			isa = PBXGroup;
			children = (
				09554DCA1DAF8CA60072317A /* SafariServices.framework */,
				09554DC81DAF8C8F0072317A /* MessageUI.framework */,
				C1A0018DB5247F717FF65515 /* libPods-BurgerKing.a */,
				133B95857376A114A5054418 /* libPods-BurgerKingTests.a */,
				5E45D47F1FD74BF2DC3536DC /* libPods-BurgerKingUITests.a */,
			);
			name = Frameworks;
			sourceTree = "<group>";
		};
		099681C61D9A587200F82176 = {
			isa = PBXGroup;
			children = (
				094EC7711DC2051B0006930B /* paypal_logo.png */,
				09FE79801DBF99B400215C18 /* CardIO */,
				09FE798D1DBF99B400215C18 /* PayPalMobile */,
				093C6CFE1DAD391800EEB0DE /* Burger-King-Logo12.jpg */,
				09D3F8811DACEF6500B269A0 /* Quickblox.framework */,
				095733D11DA65ED1009742E9 /* libz.tbd */,
				095733CF1DA65EC8009742E9 /* libresolv.tbd */,
				095733CD1DA65EBD009742E9 /* libxml2.tbd */,
				094AD6E11DA3FA95000CD3AB /* Accelerate.framework */,
				094AD6DF1DA3FA79000CD3AB /* Security.framework */,
				094AD6DD1DA3FA6D000CD3AB /* QuartzCore.framework */,
				094AD6DB1DA3FA60000CD3AB /* AVFoundation.framework */,
				094AD6D91DA3F89B000CD3AB /* CoreVideo.framework */,
				094AD6D71DA3F867000CD3AB /* CFNetwork.framework */,
				094BC6E31D9D28B400424E30 /* CoreMedia.framework */,
				094BC6E11D9D289F00424E30 /* AudioToolbox.framework */,
				094BC6DF1D9D288700424E30 /* CoreData.framework */,
				094BC6DD1D9D287800424E30 /* CoreLocation.framework */,
				094BC6DB1D9D286B00424E30 /* CoreGraphics.framework */,
				094BC6D91D9D285700424E30 /* MobileCoreServices.framework */,
				094BC6D71D9D284900424E30 /* SystemConfiguration.framework */,
				099681D11D9A587200F82176 /* BurgerKing */,
				099681EB1D9A587300F82176 /* BurgerKingTests */,
				099681F61D9A587300F82176 /* BurgerKingUITests */,
				099681D01D9A587200F82176 /* Products */,
				09554DC71DAF8C8F0072317A /* Frameworks */,
				D03853FEBF91D019711EF790 /* Pods */,
			);
			sourceTree = "<group>";
		};
		099681D01D9A587200F82176 /* Products */ = {
			isa = PBXGroup;
			children = (
				099681CF1D9A587200F82176 /* BurgerKing.app */,
				099681E81D9A587300F82176 /* BurgerKingTests.xctest */,
				099681F31D9A587300F82176 /* BurgerKingUITests.xctest */,
			);
			name = Products;
			sourceTree = "<group>";
		};
		099681D11D9A587200F82176 /* BurgerKing */ = {
			isa = PBXGroup;
			children = (
				099682051D9A721B00F82176 /* libreria */,
				099681D51D9A587200F82176 /* AppDelegate.h */,
				099681D61D9A587200F82176 /* AppDelegate.m */,
				099681D81D9A587200F82176 /* ViewController.h */,
				099681D91D9A587200F82176 /* ViewController.m */,
				094BC6CE1D9D249E00424E30 /* Registro.h */,
				094BC6CF1D9D249E00424E30 /* Registro.m */,
				091AE24B1DA6944C00E46EEC /* Login.h */,
				091AE24C1DA6944C00E46EEC /* Login.m */,
				091AE24E1DA694FE00E46EEC /* Pedido.h */,
				091AE24F1DA694FE00E46EEC /* Pedido.m */,
				091AE2511DA69B2800E46EEC /* TablaProductos.h */,
				091AE2521DA69B2800E46EEC /* TablaProductos.m */,
				09554DCC1DAF8E970072317A /* Paypal.h */,
				09554DCD1DAF8E970072317A /* Paypal.m */,
				094EC7731DC208340006930B /* ViewControllerMapa.h */,
				094EC7741DC208340006930B /* ViewControllerMapa.m */,
				094EC7761DC209AF0006930B /* MapPin.h */,
				094EC7771DC209AF0006930B /* MapPin.m */,
				094EC7791DC20B150006930B /* CustomAnnotation.h */,
				094EC77A1DC20B150006930B /* CustomAnnotation.m */,
				099681DB1D9A587200F82176 /* Main.storyboard */,
				099681DE1D9A587300F82176 /* Assets.xcassets */,
				099681E01D9A587300F82176 /* LaunchScreen.storyboard */,
				099681E31D9A587300F82176 /* Info.plist */,
				099681D21D9A587200F82176 /* Supporting Files */,
			);
			path = BurgerKing;
			sourceTree = "<group>";
		};
		099681D21D9A587200F82176 /* Supporting Files */ = {
			isa = PBXGroup;
			children = (
				099681D31D9A587200F82176 /* main.m */,
			);
			name = "Supporting Files";
			sourceTree = "<group>";
		};
		099681EB1D9A587300F82176 /* BurgerKingTests */ = {
			isa = PBXGroup;
			children = (
				099681EC1D9A587300F82176 /* BurgerKingTests.m */,
				099681EE1D9A587300F82176 /* Info.plist */,
			);
			path = BurgerKingTests;
			sourceTree = "<group>";
		};
		099681F61D9A587300F82176 /* BurgerKingUITests */ = {
			isa = PBXGroup;
			children = (
				099681F71D9A587300F82176 /* BurgerKingUITests.m */,
				099681F91D9A587300F82176 /* Info.plist */,
			);
			path = BurgerKingUITests;
			sourceTree = "<group>";
		};
		099682051D9A721B00F82176 /* libreria */ = {
			isa = PBXGroup;
			children = (
				09D9F63B1DB61AF600A93889 /* QBAdmin.h */,
				09D9F63C1DB61AF600A93889 /* QBAdmin.m */,
			);
			name = libreria;
			sourceTree = "<group>";
		};
		09FE79801DBF99B400215C18 /* CardIO */ = {
			isa = PBXGroup;
			children = (
				09FE79811DBF99B400215C18 /* CardIO.h */,
				09FE79821DBF99B400215C18 /* CardIO.m */,
				09FE79831DBF99B400215C18 /* CardIOCreditCardInfo.h */,
				09FE79841DBF99B400215C18 /* CardIODetectionMode.h */,
				09FE79851DBF99B400215C18 /* CardIOPaymentViewController.h */,
				09FE79861DBF99B400215C18 /* CardIOPaymentViewControllerDelegate.h */,
				09FE79871DBF99B400215C18 /* CardIOUtilities.h */,
				09FE79881DBF99B400215C18 /* CardIOView.h */,
				09FE79891DBF99B400215C18 /* CardIOViewDelegate.h */,
				09FE798A1DBF99B400215C18 /* libCardIO.a */,
				09FE798B1DBF99B400215C18 /* libopencv_core.a */,
				09FE798C1DBF99B400215C18 /* libopencv_imgproc.a */,
			);
			path = CardIO;
			sourceTree = "<group>";
		};
		09FE798D1DBF99B400215C18 /* PayPalMobile */ = {
			isa = PBXGroup;
			children = (
				09FE798E1DBF99B400215C18 /* libPayPalMobile.a */,
				09FE798F1DBF99B400215C18 /* PayPalConfiguration.h */,
				09FE79901DBF99B400215C18 /* PayPalFuturePaymentViewController.h */,
				09FE79911DBF99B400215C18 /* PayPalMobile.h */,
				09FE79921DBF99B400215C18 /* PayPalOAuthScopes.h */,
				09FE79931DBF99B400215C18 /* PayPalPayment.h */,
				09FE79941DBF99B400215C18 /* PayPalPaymentViewController.h */,
				09FE79951DBF99B400215C18 /* PayPalProfileSharingViewController.h */,
			);
			path = PayPalMobile;
			sourceTree = "<group>";
		};
		D03853FEBF91D019711EF790 /* Pods */ = {
			isa = PBXGroup;
			children = (
				A15B7CCAF590A91D680E069C /* Pods-BurgerKing.debug.xcconfig */,
				51125565B83D2B87D4C6D5D3 /* Pods-BurgerKing.release.xcconfig */,
				B4997A5171CE09C28CF342E8 /* Pods-BurgerKingTests.debug.xcconfig */,
				7345A7D967C7A948C07F999F /* Pods-BurgerKingTests.release.xcconfig */,
				2487C698C5EF5CB31097ECE4 /* Pods-BurgerKingUITests.debug.xcconfig */,
				B69F2BBD48959E891C2ABFAF /* Pods-BurgerKingUITests.release.xcconfig */,
			);
			name = Pods;
			sourceTree = "<group>";
		};
/* End PBXGroup section */

/* Begin PBXNativeTarget section */
		099681CE1D9A587200F82176 /* BurgerKing */ = {
			isa = PBXNativeTarget;
			buildConfigurationList = 099681FC1D9A587300F82176 /* Build configuration list for PBXNativeTarget "BurgerKing" */;
			buildPhases = (
				E054E931A1D93458184E2092 /* [CP] Check Pods Manifest.lock */,
				099681CB1D9A587200F82176 /* Sources */,
				099681CC1D9A587200F82176 /* Frameworks */,
				099681CD1D9A587200F82176 /* Resources */,
				6E535E32D532AD1D4D0C1044 /* [CP] Embed Pods Frameworks */,
				380015D0CDA151627D511483 /* [CP] Copy Pods Resources */,
			);
			buildRules = (
			);
			dependencies = (
			);
			name = BurgerKing;
			productName = BurgerKing;
			productReference = 099681CF1D9A587200F82176 /* BurgerKing.app */;
			productType = "com.apple.product-type.application";
		};
		099681E71D9A587300F82176 /* BurgerKingTests */ = {
			isa = PBXNativeTarget;
			buildConfigurationList = 099681FF1D9A587300F82176 /* Build configuration list for PBXNativeTarget "BurgerKingTests" */;
			buildPhases = (
				9744E0669D90274DBD01DD8B /* [CP] Check Pods Manifest.lock */,
				099681E41D9A587300F82176 /* Sources */,
				099681E51D9A587300F82176 /* Frameworks */,
				099681E61D9A587300F82176 /* Resources */,
				36BDB7C71351333D4CEC1D62 /* [CP] Embed Pods Frameworks */,
				7EAFD79D4E16FCA54FEA295D /* [CP] Copy Pods Resources */,
			);
			buildRules = (
			);
			dependencies = (
				099681EA1D9A587300F82176 /* PBXTargetDependency */,
			);
			name = BurgerKingTests;
			productName = BurgerKingTests;
			productReference = 099681E81D9A587300F82176 /* BurgerKingTests.xctest */;
			productType = "com.apple.product-type.bundle.unit-test";
		};
		099681F21D9A587300F82176 /* BurgerKingUITests */ = {
			isa = PBXNativeTarget;
			buildConfigurationList = 099682021D9A587300F82176 /* Build configuration list for PBXNativeTarget "BurgerKingUITests" */;
			buildPhases = (
				47F01FA5AA062436CF37BBBC /* [CP] Check Pods Manifest.lock */,
				099681EF1D9A587300F82176 /* Sources */,
				099681F01D9A587300F82176 /* Frameworks */,
				099681F11D9A587300F82176 /* Resources */,
				F00F8E4224C1DBE5A9F5587D /* [CP] Embed Pods Frameworks */,
				B257744A57C207DDF8AC49C4 /* [CP] Copy Pods Resources */,
			);
			buildRules = (
			);
			dependencies = (
				099681F51D9A587300F82176 /* PBXTargetDependency */,
			);
			name = BurgerKingUITests;
			productName = BurgerKingUITests;
			productReference = 099681F31D9A587300F82176 /* BurgerKingUITests.xctest */;
			productType = "com.apple.product-type.bundle.ui-testing";
		};
/* End PBXNativeTarget section */

/* Begin PBXProject section */
		099681C71D9A587200F82176 /* Project object */ = {
			isa = PBXProject;
			attributes = {
				LastUpgradeCheck = 0720;
				ORGANIZATIONNAME = "Daniel Garcimartín Herráez";
				TargetAttributes = {
					099681CE1D9A587200F82176 = {
						CreatedOnToolsVersion = 7.2.1;
					};
					099681E71D9A587300F82176 = {
						CreatedOnToolsVersion = 7.2.1;
						TestTargetID = 099681CE1D9A587200F82176;
					};
					099681F21D9A587300F82176 = {
						CreatedOnToolsVersion = 7.2.1;
						TestTargetID = 099681CE1D9A587200F82176;
					};
				};
			};
			buildConfigurationList = 099681CA1D9A587200F82176 /* Build configuration list for PBXProject "BurgerKing" */;
			compatibilityVersion = "Xcode 3.2";
			developmentRegion = English;
			hasScannedForEncodings = 0;
			knownRegions = (
				en,
				Base,
			);
			mainGroup = 099681C61D9A587200F82176;
			productRefGroup = 099681D01D9A587200F82176 /* Products */;
			projectDirPath = "";
			projectRoot = "";
			targets = (
				099681CE1D9A587200F82176 /* BurgerKing */,
				099681E71D9A587300F82176 /* BurgerKingTests */,
				099681F21D9A587300F82176 /* BurgerKingUITests */,
			);
		};
/* End PBXProject section */

/* Begin PBXResourcesBuildPhase section */
		099681CD1D9A587200F82176 /* Resources */ = {
			isa = PBXResourcesBuildPhase;
			buildActionMask = 2147483647;
			files = (
				099681E21D9A587300F82176 /* LaunchScreen.storyboard in Resources */,
				099681DF1D9A587300F82176 /* Assets.xcassets in Resources */,
				094EC7721DC2051B0006930B /* paypal_logo.png in Resources */,
				099681DD1D9A587200F82176 /* Main.storyboard in Resources */,
				093C6CFF1DAD391800EEB0DE /* Burger-King-Logo12.jpg in Resources */,
			);
			runOnlyForDeploymentPostprocessing = 0;
		};
		099681E61D9A587300F82176 /* Resources */ = {
			isa = PBXResourcesBuildPhase;
			buildActionMask = 2147483647;
			files = (
			);
			runOnlyForDeploymentPostprocessing = 0;
		};
		099681F11D9A587300F82176 /* Resources */ = {
			isa = PBXResourcesBuildPhase;
			buildActionMask = 2147483647;
			files = (
			);
			runOnlyForDeploymentPostprocessing = 0;
		};
/* End PBXResourcesBuildPhase section */

/* Begin PBXShellScriptBuildPhase section */
		36BDB7C71351333D4CEC1D62 /* [CP] Embed Pods Frameworks */ = {
			isa = PBXShellScriptBuildPhase;
			buildActionMask = 2147483647;
			files = (
			);
			inputPaths = (
			);
			name = "[CP] Embed Pods Frameworks";
			outputPaths = (
			);
			runOnlyForDeploymentPostprocessing = 0;
			shellPath = /bin/sh;
			shellScript = "\"${SRCROOT}/Pods/Target Support Files/Pods-BurgerKingTests/Pods-BurgerKingTests-frameworks.sh\"\n";
			showEnvVarsInLog = 0;
		};
		380015D0CDA151627D511483 /* [CP] Copy Pods Resources */ = {
			isa = PBXShellScriptBuildPhase;
			buildActionMask = 2147483647;
			files = (
			);
			inputPaths = (
			);
			name = "[CP] Copy Pods Resources";
			outputPaths = (
			);
			runOnlyForDeploymentPostprocessing = 0;
			shellPath = /bin/sh;
			shellScript = "\"${SRCROOT}/Pods/Target Support Files/Pods-BurgerKing/Pods-BurgerKing-resources.sh\"\n";
			showEnvVarsInLog = 0;
		};
		47F01FA5AA062436CF37BBBC /* [CP] Check Pods Manifest.lock */ = {
			isa = PBXShellScriptBuildPhase;
			buildActionMask = 2147483647;
			files = (
			);
			inputPaths = (
			);
			name = "[CP] Check Pods Manifest.lock";
			outputPaths = (
			);
			runOnlyForDeploymentPostprocessing = 0;
			shellPath = /bin/sh;
			shellScript = "diff \"${PODS_ROOT}/../Podfile.lock\" \"${PODS_ROOT}/Manifest.lock\" > /dev/null\nif [ $? != 0 ] ; then\n    # print error to STDERR\n    echo \"error: The sandbox is not in sync with the Podfile.lock. Run 'pod install' or update your CocoaPods installation.\" >&2\n    exit 1\nfi\n";
			showEnvVarsInLog = 0;
		};
		6E535E32D532AD1D4D0C1044 /* [CP] Embed Pods Frameworks */ = {
			isa = PBXShellScriptBuildPhase;
			buildActionMask = 2147483647;
			files = (
			);
			inputPaths = (
			);
			name = "[CP] Embed Pods Frameworks";
			outputPaths = (
			);
			runOnlyForDeploymentPostprocessing = 0;
			shellPath = /bin/sh;
			shellScript = "\"${SRCROOT}/Pods/Target Support Files/Pods-BurgerKing/Pods-BurgerKing-frameworks.sh\"\n";
			showEnvVarsInLog = 0;
		};
		7EAFD79D4E16FCA54FEA295D /* [CP] Copy Pods Resources */ = {
			isa = PBXShellScriptBuildPhase;
			buildActionMask = 2147483647;
			files = (
			);
			inputPaths = (
			);
			name = "[CP] Copy Pods Resources";
			outputPaths = (
			);
			runOnlyForDeploymentPostprocessing = 0;
			shellPath = /bin/sh;
			shellScript = "\"${SRCROOT}/Pods/Target Support Files/Pods-BurgerKingTests/Pods-BurgerKingTests-resources.sh\"\n";
			showEnvVarsInLog = 0;
		};
		9744E0669D90274DBD01DD8B /* [CP] Check Pods Manifest.lock */ = {
			isa = PBXShellScriptBuildPhase;
			buildActionMask = 2147483647;
			files = (
			);
			inputPaths = (
			);
			name = "[CP] Check Pods Manifest.lock";
			outputPaths = (
			);
			runOnlyForDeploymentPostprocessing = 0;
			shellPath = /bin/sh;
			shellScript = "diff \"${PODS_ROOT}/../Podfile.lock\" \"${PODS_ROOT}/Manifest.lock\" > /dev/null\nif [ $? != 0 ] ; then\n    # print error to STDERR\n    echo \"error: The sandbox is not in sync with the Podfile.lock. Run 'pod install' or update your CocoaPods installation.\" >&2\n    exit 1\nfi\n";
			showEnvVarsInLog = 0;
		};
		B257744A57C207DDF8AC49C4 /* [CP] Copy Pods Resources */ = {
			isa = PBXShellScriptBuildPhase;
			buildActionMask = 2147483647;
			files = (
			);
			inputPaths = (
			);
			name = "[CP] Copy Pods Resources";
			outputPaths = (
			);
			runOnlyForDeploymentPostprocessing = 0;
			shellPath = /bin/sh;
			shellScript = "\"${SRCROOT}/Pods/Target Support Files/Pods-BurgerKingUITests/Pods-BurgerKingUITests-resources.sh\"\n";
			showEnvVarsInLog = 0;
		};
		E054E931A1D93458184E2092 /* [CP] Check Pods Manifest.lock */ = {
			isa = PBXShellScriptBuildPhase;
			buildActionMask = 2147483647;
			files = (
			);
			inputPaths = (
			);
			name = "[CP] Check Pods Manifest.lock";
			outputPaths = (
			);
			runOnlyForDeploymentPostprocessing = 0;
			shellPath = /bin/sh;
			shellScript = "diff \"${PODS_ROOT}/../Podfile.lock\" \"${PODS_ROOT}/Manifest.lock\" > /dev/null\nif [ $? != 0 ] ; then\n    # print error to STDERR\n    echo \"error: The sandbox is not in sync with the Podfile.lock. Run 'pod install' or update your CocoaPods installation.\" >&2\n    exit 1\nfi\n";
			showEnvVarsInLog = 0;
		};
		F00F8E4224C1DBE5A9F5587D /* [CP] Embed Pods Frameworks */ = {
			isa = PBXShellScriptBuildPhase;
			buildActionMask = 2147483647;
			files = (
			);
			inputPaths = (
			);
			name = "[CP] Embed Pods Frameworks";
			outputPaths = (
			);
			runOnlyForDeploymentPostprocessing = 0;
			shellPath = /bin/sh;
			shellScript = "\"${SRCROOT}/Pods/Target Support Files/Pods-BurgerKingUITests/Pods-BurgerKingUITests-frameworks.sh\"\n";
			showEnvVarsInLog = 0;
		};
/* End PBXShellScriptBuildPhase section */

/* Begin PBXSourcesBuildPhase section */
		099681CB1D9A587200F82176 /* Sources */ = {
			isa = PBXSourcesBuildPhase;
			buildActionMask = 2147483647;
			files = (
				094EC7781DC209AF0006930B /* MapPin.m in Sources */,
				099681DA1D9A587200F82176 /* ViewController.m in Sources */,
				099681D71D9A587200F82176 /* AppDelegate.m in Sources */,
				09554DCE1DAF8E970072317A /* Paypal.m in Sources */,
				091AE2531DA69B2800E46EEC /* TablaProductos.m in Sources */,
				094EC7751DC208340006930B /* ViewControllerMapa.m in Sources */,
				091AE2501DA694FE00E46EEC /* Pedido.m in Sources */,
				099681D41D9A587200F82176 /* main.m in Sources */,
				091AE24D1DA6944C00E46EEC /* Login.m in Sources */,
				09FE79961DBF99B400215C18 /* CardIO.m in Sources */,
				094BC6D01D9D249E00424E30 /* Registro.m in Sources */,
				09D9F63D1DB61AF600A93889 /* QBAdmin.m in Sources */,
				094EC77B1DC20B150006930B /* CustomAnnotation.m in Sources */,
			);
			runOnlyForDeploymentPostprocessing = 0;
		};
		099681E41D9A587300F82176 /* Sources */ = {
			isa = PBXSourcesBuildPhase;
			buildActionMask = 2147483647;
			files = (
				099681ED1D9A587300F82176 /* BurgerKingTests.m in Sources */,
			);
			runOnlyForDeploymentPostprocessing = 0;
		};
		099681EF1D9A587300F82176 /* Sources */ = {
			isa = PBXSourcesBuildPhase;
			buildActionMask = 2147483647;
			files = (
				099681F81D9A587300F82176 /* BurgerKingUITests.m in Sources */,
			);
			runOnlyForDeploymentPostprocessing = 0;
		};
/* End PBXSourcesBuildPhase section */

/* Begin PBXTargetDependency section */
		099681EA1D9A587300F82176 /* PBXTargetDependency */ = {
			isa = PBXTargetDependency;
			target = 099681CE1D9A587200F82176 /* BurgerKing */;
			targetProxy = 099681E91D9A587300F82176 /* PBXContainerItemProxy */;
		};
		099681F51D9A587300F82176 /* PBXTargetDependency */ = {
			isa = PBXTargetDependency;
			target = 099681CE1D9A587200F82176 /* BurgerKing */;
			targetProxy = 099681F41D9A587300F82176 /* PBXContainerItemProxy */;
		};
/* End PBXTargetDependency section */

/* Begin PBXVariantGroup section */
		099681DB1D9A587200F82176 /* Main.storyboard */ = {
			isa = PBXVariantGroup;
			children = (
				099681DC1D9A587200F82176 /* Base */,
			);
			name = Main.storyboard;
			sourceTree = "<group>";
		};
		099681E01D9A587300F82176 /* LaunchScreen.storyboard */ = {
			isa = PBXVariantGroup;
			children = (
				099681E11D9A587300F82176 /* Base */,
			);
			name = LaunchScreen.storyboard;
			sourceTree = "<group>";
		};
/* End PBXVariantGroup section */

/* Begin XCBuildConfiguration section */
		099681FA1D9A587300F82176 /* Debug */ = {
			isa = XCBuildConfiguration;
			buildSettings = {
				ALWAYS_SEARCH_USER_PATHS = NO;
				CLANG_CXX_LANGUAGE_STANDARD = "gnu++0x";
				CLANG_CXX_LIBRARY = "libc++";
				CLANG_ENABLE_MODULES = YES;
				CLANG_ENABLE_OBJC_ARC = YES;
				CLANG_WARN_BOOL_CONVERSION = YES;
				CLANG_WARN_CONSTANT_CONVERSION = YES;
				CLANG_WARN_DIRECT_OBJC_ISA_USAGE = YES_ERROR;
				CLANG_WARN_EMPTY_BODY = YES;
				CLANG_WARN_ENUM_CONVERSION = YES;
				CLANG_WARN_INT_CONVERSION = YES;
				CLANG_WARN_OBJC_ROOT_CLASS = YES_ERROR;
				CLANG_WARN_UNREACHABLE_CODE = YES;
				CLANG_WARN__DUPLICATE_METHOD_MATCH = YES;
				"CODE_SIGN_IDENTITY[sdk=iphoneos*]" = "iPhone Developer";
				COPY_PHASE_STRIP = NO;
				DEBUG_INFORMATION_FORMAT = dwarf;
				ENABLE_STRICT_OBJC_MSGSEND = YES;
				ENABLE_TESTABILITY = YES;
				GCC_C_LANGUAGE_STANDARD = gnu99;
				GCC_DYNAMIC_NO_PIC = NO;
				GCC_NO_COMMON_BLOCKS = YES;
				GCC_OPTIMIZATION_LEVEL = 0;
				GCC_PREPROCESSOR_DEFINITIONS = (
					"DEBUG=1",
					"$(inherited)",
				);
				GCC_WARN_64_TO_32_BIT_CONVERSION = YES;
				GCC_WARN_ABOUT_RETURN_TYPE = YES_ERROR;
				GCC_WARN_UNDECLARED_SELECTOR = YES;
				GCC_WARN_UNINITIALIZED_AUTOS = YES_AGGRESSIVE;
				GCC_WARN_UNUSED_FUNCTION = YES;
				GCC_WARN_UNUSED_VARIABLE = YES;
				IPHONEOS_DEPLOYMENT_TARGET = 9.2;
				MTL_ENABLE_DEBUG_INFO = YES;
				ONLY_ACTIVE_ARCH = YES;
				SDKROOT = iphoneos;
			};
			name = Debug;
		};
		099681FB1D9A587300F82176 /* Release */ = {
			isa = XCBuildConfiguration;
			buildSettings = {
				ALWAYS_SEARCH_USER_PATHS = NO;
				CLANG_CXX_LANGUAGE_STANDARD = "gnu++0x";
				CLANG_CXX_LIBRARY = "libc++";
				CLANG_ENABLE_MODULES = YES;
				CLANG_ENABLE_OBJC_ARC = YES;
				CLANG_WARN_BOOL_CONVERSION = YES;
				CLANG_WARN_CONSTANT_CONVERSION = YES;
				CLANG_WARN_DIRECT_OBJC_ISA_USAGE = YES_ERROR;
				CLANG_WARN_EMPTY_BODY = YES;
				CLANG_WARN_ENUM_CONVERSION = YES;
				CLANG_WARN_INT_CONVERSION = YES;
				CLANG_WARN_OBJC_ROOT_CLASS = YES_ERROR;
				CLANG_WARN_UNREACHABLE_CODE = YES;
				CLANG_WARN__DUPLICATE_METHOD_MATCH = YES;
				"CODE_SIGN_IDENTITY[sdk=iphoneos*]" = "iPhone Developer";
				COPY_PHASE_STRIP = NO;
				DEBUG_INFORMATION_FORMAT = "dwarf-with-dsym";
				ENABLE_NS_ASSERTIONS = NO;
				ENABLE_STRICT_OBJC_MSGSEND = YES;
				GCC_C_LANGUAGE_STANDARD = gnu99;
				GCC_NO_COMMON_BLOCKS = YES;
				GCC_WARN_64_TO_32_BIT_CONVERSION = YES;
				GCC_WARN_ABOUT_RETURN_TYPE = YES_ERROR;
				GCC_WARN_UNDECLARED_SELECTOR = YES;
				GCC_WARN_UNINITIALIZED_AUTOS = YES_AGGRESSIVE;
				GCC_WARN_UNUSED_FUNCTION = YES;
				GCC_WARN_UNUSED_VARIABLE = YES;
				IPHONEOS_DEPLOYMENT_TARGET = 9.2;
				MTL_ENABLE_DEBUG_INFO = NO;
				SDKROOT = iphoneos;
				VALIDATE_PRODUCT = YES;
			};
			name = Release;
		};
		099681FD1D9A587300F82176 /* Debug */ = {
			isa = XCBuildConfiguration;
			baseConfigurationReference = A15B7CCAF590A91D680E069C /* Pods-BurgerKing.debug.xcconfig */;
			buildSettings = {
				ASSETCATALOG_COMPILER_APPICON_NAME = AppIcon;
				FRAMEWORK_SEARCH_PATHS = (
					"$(inherited)",
					"$(PROJECT_DIR)",
				);
				HEADER_SEARCH_PATHS = /usr/include/libxml2;
				INFOPLIST_FILE = BurgerKing/Info.plist;
				LD_RUNPATH_SEARCH_PATHS = "$(inherited) @executable_path/Frameworks";
				LIBRARY_SEARCH_PATHS = (
					"$(inherited)",
					"$(PROJECT_DIR)/PayPal-iOS-SDK/CardIO",
					"$(PROJECT_DIR)/PayPal-iOS-SDK/PayPalMobile",
					"$(PROJECT_DIR)/CardIO",
					"$(PROJECT_DIR)/PayPalMobile",
				);
				OTHER_LDFLAGS = (
					"-lxml2",
					"-ObjC",
					"-lstdc++",
					"-lc++",
				);
				PRODUCT_BUNDLE_IDENTIFIER = test.BurgerKing;
				PRODUCT_NAME = "$(TARGET_NAME)";
			};
			name = Debug;
		};
		099681FE1D9A587300F82176 /* Release */ = {
			isa = XCBuildConfiguration;
			baseConfigurationReference = 51125565B83D2B87D4C6D5D3 /* Pods-BurgerKing.release.xcconfig */;
			buildSettings = {
				ASSETCATALOG_COMPILER_APPICON_NAME = AppIcon;
				FRAMEWORK_SEARCH_PATHS = (
					"$(inherited)",
					"$(PROJECT_DIR)",
				);
				HEADER_SEARCH_PATHS = /usr/include/libxml2;
				INFOPLIST_FILE = BurgerKing/Info.plist;
				LD_RUNPATH_SEARCH_PATHS = "$(inherited) @executable_path/Frameworks";
				LIBRARY_SEARCH_PATHS = (
					"$(inherited)",
					"$(PROJECT_DIR)/PayPal-iOS-SDK/CardIO",
					"$(PROJECT_DIR)/PayPal-iOS-SDK/PayPalMobile",
					"$(PROJECT_DIR)/CardIO",
					"$(PROJECT_DIR)/PayPalMobile",
				);
				OTHER_LDFLAGS = (
					"-lxml2",
					"-ObjC",
					"-lstdc++",
					"-lc++",
				);
				PRODUCT_BUNDLE_IDENTIFIER = test.BurgerKing;
				PRODUCT_NAME = "$(TARGET_NAME)";
			};
			name = Release;
		};
		099682001D9A587300F82176 /* Debug */ = {
			isa = XCBuildConfiguration;
			baseConfigurationReference = B4997A5171CE09C28CF342E8 /* Pods-BurgerKingTests.debug.xcconfig */;
			buildSettings = {
				BUNDLE_LOADER = "$(TEST_HOST)";
				INFOPLIST_FILE = BurgerKingTests/Info.plist;
				LD_RUNPATH_SEARCH_PATHS = "$(inherited) @executable_path/Frameworks @loader_path/Frameworks";
				PRODUCT_BUNDLE_IDENTIFIER = test.BurgerKingTests;
				PRODUCT_NAME = "$(TARGET_NAME)";
				TEST_HOST = "$(BUILT_PRODUCTS_DIR)/BurgerKing.app/BurgerKing";
			};
			name = Debug;
		};
		099682011D9A587300F82176 /* Release */ = {
			isa = XCBuildConfiguration;
			baseConfigurationReference = 7345A7D967C7A948C07F999F /* Pods-BurgerKingTests.release.xcconfig */;
			buildSettings = {
				BUNDLE_LOADER = "$(TEST_HOST)";
				INFOPLIST_FILE = BurgerKingTests/Info.plist;
				LD_RUNPATH_SEARCH_PATHS = "$(inherited) @executable_path/Frameworks @loader_path/Frameworks";
				PRODUCT_BUNDLE_IDENTIFIER = test.BurgerKingTests;
				PRODUCT_NAME = "$(TARGET_NAME)";
				TEST_HOST = "$(BUILT_PRODUCTS_DIR)/BurgerKing.app/BurgerKing";
			};
			name = Release;
		};
		099682031D9A587300F82176 /* Debug */ = {
			isa = XCBuildConfiguration;
			baseConfigurationReference = 2487C698C5EF5CB31097ECE4 /* Pods-BurgerKingUITests.debug.xcconfig */;
			buildSettings = {
				INFOPLIST_FILE = BurgerKingUITests/Info.plist;
				LD_RUNPATH_SEARCH_PATHS = "$(inherited) @executable_path/Frameworks @loader_path/Frameworks";
				PRODUCT_BUNDLE_IDENTIFIER = test.BurgerKingUITests;
				PRODUCT_NAME = "$(TARGET_NAME)";
				TEST_TARGET_NAME = BurgerKing;
				USES_XCTRUNNER = YES;
			};
			name = Debug;
		};
		099682041D9A587300F82176 /* Release */ = {
			isa = XCBuildConfiguration;
			baseConfigurationReference = B69F2BBD48959E891C2ABFAF /* Pods-BurgerKingUITests.release.xcconfig */;
			buildSettings = {
				INFOPLIST_FILE = BurgerKingUITests/Info.plist;
				LD_RUNPATH_SEARCH_PATHS = "$(inherited) @executable_path/Frameworks @loader_path/Frameworks";
				PRODUCT_BUNDLE_IDENTIFIER = test.BurgerKingUITests;
				PRODUCT_NAME = "$(TARGET_NAME)";
				TEST_TARGET_NAME = BurgerKing;
				USES_XCTRUNNER = YES;
			};
			name = Release;
		};
/* End XCBuildConfiguration section */

/* Begin XCConfigurationList section */
		099681CA1D9A587200F82176 /* Build configuration list for PBXProject "BurgerKing" */ = {
			isa = XCConfigurationList;
			buildConfigurations = (
				099681FA1D9A587300F82176 /* Debug */,
				099681FB1D9A587300F82176 /* Release */,
			);
			defaultConfigurationIsVisible = 0;
			defaultConfigurationName = Release;
		};
		099681FC1D9A587300F82176 /* Build configuration list for PBXNativeTarget "BurgerKing" */ = {
			isa = XCConfigurationList;
			buildConfigurations = (
				099681FD1D9A587300F82176 /* Debug */,
				099681FE1D9A587300F82176 /* Release */,
			);
			defaultConfigurationIsVisible = 0;
			defaultConfigurationName = Release;
		};
		099681FF1D9A587300F82176 /* Build configuration list for PBXNativeTarget "BurgerKingTests" */ = {
			isa = XCConfigurationList;
			buildConfigurations = (
				099682001D9A587300F82176 /* Debug */,
				099682011D9A587300F82176 /* Release */,
			);
			defaultConfigurationIsVisible = 0;
			defaultConfigurationName = Release;
		};
		099682021D9A587300F82176 /* Build configuration list for PBXNativeTarget "BurgerKingUITests" */ = {
			isa = XCConfigurationList;
			buildConfigurations = (
				099682031D9A587300F82176 /* Debug */,
				099682041D9A587300F82176 /* Release */,
			);
			defaultConfigurationIsVisible = 0;
			defaultConfigurationName = Release;
		};
/* End XCConfigurationList section */
	};
	rootObject = 099681C71D9A587200F82176 /* Project object */;
}
